
Microsoft Visual Studio Solution File, Format Version 12.00
# Visual Studio Version 17
VisualStudioVersion = 17.2.32526.322
MinimumVisualStudioVersion = 10.0.40219.1
Project("{FAE04EC0-301F-11D3-BF4B-00C04F79EFBC}") = "Infinity-API", "Infinity-API\Infinity-API.csproj", "{EFA0C3C2-F114-4DEA-9612-9A535DFFA90E}"
EndProject
Global
	GlobalSection(SolutionConfigurationPlatforms) = preSolution
		Debug|Any CPU = Debug|Any CPU
		Release|Any CPU = Release|Any CPU
	EndGlobalSection
	GlobalSection(ProjectConfigurationPlatforms) = postSolution
		{EFA0C3C2-F114-4DEA-9612-9A535DFFA90E}.Debug|Any CPU.ActiveCfg = Debug|Any CPU
		{EFA0C3C2-F114-4DEA-9612-9A535DFFA90E}.Debug|Any CPU.Build.0 = Debug|Any CPU
		{EFA0C3C2-F114-4DEA-9612-9A535DFFA90E}.Release|Any CPU.ActiveCfg = Release|Any CPU
		{EFA0C3C2-F114-4DEA-9612-9A535DFFA90E}.Release|Any CPU.Build.0 = Release|Any CPU
	EndGlobalSection
	GlobalSection(SolutionProperties) = preSolution
		HideSolutionNode = FALSE
	EndGlobalSection
	GlobalSection(ExtensibilityGlobals) = postSolution
		SolutionGuid = {A711DE3D-FAC3-4905-8664-8F3748123080}
	EndGlobalSection
EndGlobal
